
Microsoft Visual Studio Solution File, Format Version 12.00
# Visual Studio Version 17
VisualStudioVersion = 17.9.34728.123
MinimumVisualStudioVersion = 10.0.40219.1
Project("{2150E333-8FDC-42A3-9474-1A3956D46DE8}") = "Solution Folder", "Solution Folder", "{62887409-7655-4F77-908A-74A596E85AB4}"
	ProjectSection(SolutionItems) = preProject
		..\.editorconfig = ..\.editorconfig
		Directory.Build.props = Directory.Build.props
	EndProjectSection
EndProject
Project("{9A19103F-16F7-4668-BE54-9A1E7A4F7556}") = "Dotfiles.RemapLWin", "Dotfiles.RemapLWin\Dotfiles.RemapLWin.csproj", "{AD64A8ED-964B-4519-BDC0-94378AB7EFA3}"
EndProject
Global
	GlobalSection(SolutionConfigurationPlatforms) = preSolution
		Debug|Any CPU = Debug|Any CPU
		Release|Any CPU = Release|Any CPU
	EndGlobalSection
	GlobalSection(ProjectConfigurationPlatforms) = postSolution
		{AD64A8ED-964B-4519-BDC0-94378AB7EFA3}.Debug|Any CPU.ActiveCfg = Debug|Any CPU
		{AD64A8ED-964B-4519-BDC0-94378AB7EFA3}.Debug|Any CPU.Build.0 = Debug|Any CPU
		{AD64A8ED-964B-4519-BDC0-94378AB7EFA3}.Release|Any CPU.ActiveCfg = Release|Any CPU
		{AD64A8ED-964B-4519-BDC0-94378AB7EFA3}.Release|Any CPU.Build.0 = Release|Any CPU
	EndGlobalSection
	GlobalSection(SolutionProperties) = preSolution
		HideSolutionNode = FALSE
	EndGlobalSection
	GlobalSection(ExtensibilityGlobals) = postSolution
		SolutionGuid = {B253D61D-4926-4274-9FE6-E0E2F401DBAE}
	EndGlobalSection
EndGlobal
